
Microsoft Visual Studio Solution File, Format Version 12.00
# Visual Studio Version 17
VisualStudioVersion = 17.2.32505.173
MinimumVisualStudioVersion = 10.0.40219.1
Project("{FAE04EC0-301F-11D3-BF4B-00C04F79EFBC}") = "ITMO2022.CSharp.Lab1.1", "ITMO2022.CSharp.Lab1.1\ITMO2022.CSharp.Lab1.1.csproj", "{1773EDBB-0553-4070-9783-5C57E735D235}"
EndProject
Project("{FAE04EC0-301F-11D3-BF4B-00C04F79EFBC}") = "ITMO2022.CSharp.Lab1.4", "ITMO2022.CSharp.Lab1.4\ITMO2022.CSharp.Lab1.4.csproj", "{26179677-5EBC-4962-AD46-A8337BA6BB8A}"
EndProject
Project("{FAE04EC0-301F-11D3-BF4B-00C04F79EFBC}") = "ITMO2022.CSharp.Lab2.1", "ITMO2022.CSharp2.1\ITMO2022.CSharp.Lab2.1.csproj", "{C2A8A448-81E8-4C9E-A8C0-1E15BCB5B90A}"
EndProject
Project("{FAE04EC0-301F-11D3-BF4B-00C04F79EFBC}") = "ITMO2022.CSharp.Lab2.2", "ITMO2022.CSharp2.2\ITMO2022.CSharp.Lab2.2.csproj", "{5415FA83-C037-4BCA-B738-6F8561D08809}"
EndProject
Project("{FAE04EC0-301F-11D3-BF4B-00C04F79EFBC}") = "ITMO2022.CSharp.Lab3.1-3.2", "ITMO2022.CSharp.Lab3.1\ITMO2022.CSharp.Lab3.1-3.2.csproj", "{5222168F-EFC0-416E-AC83-E006E589A3A1}"
EndProject
Project("{FAE04EC0-301F-11D3-BF4B-00C04F79EFBC}") = "ITMO2022.CSharp.Lab4.1", "ITMO2022.CSharp.Lab4.1\ITMO2022.CSharp.Lab4.1.csproj", "{DCE6A24D-BA5B-4D70-A0B1-DC07FFD1937E}"
EndProject
Project("{FAE04EC0-301F-11D3-BF4B-00C04F79EFBC}") = "ITMO2022.CSharp.Lab4.2", "ITMO2022.CSharp.Lab4.2\ITMO2022.CSharp.Lab4.2.csproj", "{B3DFB267-4A54-4802-8545-A5E621C8A49F}"
EndProject
Project("{FAE04EC0-301F-11D3-BF4B-00C04F79EFBC}") = "ITMO2022.CSharp.Lab5.1", "ITMO2022.CSharp.Lab5.1\ITMO2022.CSharp.Lab5.1.csproj", "{1071B4E9-9D0A-4ECE-9EAD-E48272DDA9FB}"
EndProject
Project("{FAE04EC0-301F-11D3-BF4B-00C04F79EFBC}") = "ITMO2022.CSharp.Lab6.1", "ITMO2022.CSharp.Lab6.1\ITMO2022.CSharp.Lab6.1.csproj", "{9A2A4B69-C0E8-4AA0-8BF7-16E25EC4AA33}"
EndProject
Project("{FAE04EC0-301F-11D3-BF4B-00C04F79EFBC}") = "ITMO2022.CSharp.Lab6.2", "ITMO2022.CSharp.Lab6.2\ITMO2022.CSharp.Lab6.2.csproj", "{1071FE26-0545-42F4-AFE5-7552841C2375}"
EndProject
Project("{FAE04EC0-301F-11D3-BF4B-00C04F79EFBC}") = "ITMO2022.CSharp.Lab7.1", "ITMO2022.CSharp.Labs7.1\ITMO2022.CSharp.Lab7.1.csproj", "{5A4EC52B-5CAC-4601-9A73-DEA93E9CEB38}"
EndProject
Project("{FAE04EC0-301F-11D3-BF4B-00C04F79EFBC}") = "ITMO2022.CSharp.Lab7.2", "ITMO2022.CSharp.Lab7.2\ITMO2022.CSharp.Lab7.2.csproj", "{41E82D62-9794-4B84-839D-DAD8AF791B2F}"
EndProject
Project("{FAE04EC0-301F-11D3-BF4B-00C04F79EFBC}") = "ITMO2022.CSharp.Lab8.1", "ITMO2022.CSharp.Lab8.1\ITMO2022.CSharp.Lab8.1.csproj", "{A7212579-A890-42B9-BDFA-E4CDC9A8DFD5}"
EndProject
Project("{FAE04EC0-301F-11D3-BF4B-00C04F79EFBC}") = "ITMO2022.CSharp.Lab8.2", "ITMO2022.CSharp.Lab8.2\ITMO2022.CSharp.Lab8.2.csproj", "{CC1DC6FE-107F-488B-80FD-A9E2FFD83098}"
EndProject
Project("{FAE04EC0-301F-11D3-BF4B-00C04F79EFBC}") = "ITMO2022.CSharp.Lab9.1", "ITMO.CSharp.Lab9.1\ITMO2022.CSharp.Lab9.1.csproj", "{BC291DA8-17B0-45CD-90BF-70C73E01F36A}"
EndProject
Project("{FAE04EC0-301F-11D3-BF4B-00C04F79EFBC}") = "ITMO2022.CSharp.Lab10.1", "ITMO2022.CSharp.Lab10.1\ITMO2022.CSharp.Lab10.1.csproj", "{6E36B4BB-17FD-4D39-97BD-586CC5E6F52A}"
EndProject
Project("{FAE04EC0-301F-11D3-BF4B-00C04F79EFBC}") = "ITMO2022.CSharp.Lab10.2", "ITMO2022.CSharp.Lab10.2\ITMO2022.CSharp.Lab10.2.csproj", "{6270E1C7-80A0-451E-AD0D-2E5CF47F3C90}"
EndProject
Global
	GlobalSection(SolutionConfigurationPlatforms) = preSolution
		Debug|Any CPU = Debug|Any CPU
		Release|Any CPU = Release|Any CPU
	EndGlobalSection
	GlobalSection(ProjectConfigurationPlatforms) = postSolution
		{1773EDBB-0553-4070-9783-5C57E735D235}.Debug|Any CPU.ActiveCfg = Debug|Any CPU
		{1773EDBB-0553-4070-9783-5C57E735D235}.Debug|Any CPU.Build.0 = Debug|Any CPU
		{1773EDBB-0553-4070-9783-5C57E735D235}.Release|Any CPU.ActiveCfg = Release|Any CPU
		{1773EDBB-0553-4070-9783-5C57E735D235}.Release|Any CPU.Build.0 = Release|Any CPU
		{26179677-5EBC-4962-AD46-A8337BA6BB8A}.Debug|Any CPU.ActiveCfg = Debug|Any CPU
		{26179677-5EBC-4962-AD46-A8337BA6BB8A}.Debug|Any CPU.Build.0 = Debug|Any CPU
		{26179677-5EBC-4962-AD46-A8337BA6BB8A}.Release|Any CPU.ActiveCfg = Release|Any CPU
		{26179677-5EBC-4962-AD46-A8337BA6BB8A}.Release|Any CPU.Build.0 = Release|Any CPU
		{C2A8A448-81E8-4C9E-A8C0-1E15BCB5B90A}.Debug|Any CPU.ActiveCfg = Debug|Any CPU
		{C2A8A448-81E8-4C9E-A8C0-1E15BCB5B90A}.Debug|Any CPU.Build.0 = Debug|Any CPU
		{C2A8A448-81E8-4C9E-A8C0-1E15BCB5B90A}.Release|Any CPU.ActiveCfg = Release|Any CPU
		{C2A8A448-81E8-4C9E-A8C0-1E15BCB5B90A}.Release|Any CPU.Build.0 = Release|Any CPU
		{5415FA83-C037-4BCA-B738-6F8561D08809}.Debug|Any CPU.ActiveCfg = Debug|Any CPU
		{5415FA83-C037-4BCA-B738-6F8561D08809}.Debug|Any CPU.Build.0 = Debug|Any CPU
		{5415FA83-C037-4BCA-B738-6F8561D08809}.Release|Any CPU.ActiveCfg = Release|Any CPU
		{5415FA83-C037-4BCA-B738-6F8561D08809}.Release|Any CPU.Build.0 = Release|Any CPU
		{5222168F-EFC0-416E-AC83-E006E589A3A1}.Debug|Any CPU.ActiveCfg = Debug|Any CPU
		{5222168F-EFC0-416E-AC83-E006E589A3A1}.Debug|Any CPU.Build.0 = Debug|Any CPU
		{5222168F-EFC0-416E-AC83-E006E589A3A1}.Release|Any CPU.ActiveCfg = Release|Any CPU
		{5222168F-EFC0-416E-AC83-E006E589A3A1}.Release|Any CPU.Build.0 = Release|Any CPU
		{DCE6A24D-BA5B-4D70-A0B1-DC07FFD1937E}.Debug|Any CPU.ActiveCfg = Debug|Any CPU
		{DCE6A24D-BA5B-4D70-A0B1-DC07FFD1937E}.Debug|Any CPU.Build.0 = Debug|Any CPU
		{DCE6A24D-BA5B-4D70-A0B1-DC07FFD1937E}.Release|Any CPU.ActiveCfg = Release|Any CPU
		{DCE6A24D-BA5B-4D70-A0B1-DC07FFD1937E}.Release|Any CPU.Build.0 = Release|Any CPU
		{B3DFB267-4A54-4802-8545-A5E621C8A49F}.Debug|Any CPU.ActiveCfg = Debug|Any CPU
		{B3DFB267-4A54-4802-8545-A5E621C8A49F}.Debug|Any CPU.Build.0 = Debug|Any CPU
		{B3DFB267-4A54-4802-8545-A5E621C8A49F}.Release|Any CPU.ActiveCfg = Release|Any CPU
		{B3DFB267-4A54-4802-8545-A5E621C8A49F}.Release|Any CPU.Build.0 = Release|Any CPU
		{1071B4E9-9D0A-4ECE-9EAD-E48272DDA9FB}.Debug|Any CPU.ActiveCfg = Debug|Any CPU
		{1071B4E9-9D0A-4ECE-9EAD-E48272DDA9FB}.Debug|Any CPU.Build.0 = Debug|Any CPU
		{1071B4E9-9D0A-4ECE-9EAD-E48272DDA9FB}.Release|Any CPU.ActiveCfg = Release|Any CPU
		{1071B4E9-9D0A-4ECE-9EAD-E48272DDA9FB}.Release|Any CPU.Build.0 = Release|Any CPU
		{9A2A4B69-C0E8-4AA0-8BF7-16E25EC4AA33}.Debug|Any CPU.ActiveCfg = Debug|Any CPU
		{9A2A4B69-C0E8-4AA0-8BF7-16E25EC4AA33}.Debug|Any CPU.Build.0 = Debug|Any CPU
		{9A2A4B69-C0E8-4AA0-8BF7-16E25EC4AA33}.Release|Any CPU.ActiveCfg = Release|Any CPU
		{9A2A4B69-C0E8-4AA0-8BF7-16E25EC4AA33}.Release|Any CPU.Build.0 = Release|Any CPU
		{1071FE26-0545-42F4-AFE5-7552841C2375}.Debug|Any CPU.ActiveCfg = Debug|Any CPU
		{1071FE26-0545-42F4-AFE5-7552841C2375}.Debug|Any CPU.Build.0 = Debug|Any CPU
		{1071FE26-0545-42F4-AFE5-7552841C2375}.Release|Any CPU.ActiveCfg = Release|Any CPU
		{1071FE26-0545-42F4-AFE5-7552841C2375}.Release|Any CPU.Build.0 = Release|Any CPU
		{5A4EC52B-5CAC-4601-9A73-DEA93E9CEB38}.Debug|Any CPU.ActiveCfg = Debug|Any CPU
		{5A4EC52B-5CAC-4601-9A73-DEA93E9CEB38}.Debug|Any CPU.Build.0 = Debug|Any CPU
		{5A4EC52B-5CAC-4601-9A73-DEA93E9CEB38}.Release|Any CPU.ActiveCfg = Release|Any CPU
		{5A4EC52B-5CAC-4601-9A73-DEA93E9CEB38}.Release|Any CPU.Build.0 = Release|Any CPU
		{41E82D62-9794-4B84-839D-DAD8AF791B2F}.Debug|Any CPU.ActiveCfg = Debug|Any CPU
		{41E82D62-9794-4B84-839D-DAD8AF791B2F}.Debug|Any CPU.Build.0 = Debug|Any CPU
		{41E82D62-9794-4B84-839D-DAD8AF791B2F}.Release|Any CPU.ActiveCfg = Release|Any CPU
		{41E82D62-9794-4B84-839D-DAD8AF791B2F}.Release|Any CPU.Build.0 = Release|Any CPU
		{A7212579-A890-42B9-BDFA-E4CDC9A8DFD5}.Debug|Any CPU.ActiveCfg = Debug|Any CPU
		{A7212579-A890-42B9-BDFA-E4CDC9A8DFD5}.Debug|Any CPU.Build.0 = Debug|Any CPU
		{A7212579-A890-42B9-BDFA-E4CDC9A8DFD5}.Release|Any CPU.ActiveCfg = Release|Any CPU
		{A7212579-A890-42B9-BDFA-E4CDC9A8DFD5}.Release|Any CPU.Build.0 = Release|Any CPU
		{CC1DC6FE-107F-488B-80FD-A9E2FFD83098}.Debug|Any CPU.ActiveCfg = Debug|Any CPU
		{CC1DC6FE-107F-488B-80FD-A9E2FFD83098}.Debug|Any CPU.Build.0 = Debug|Any CPU
		{CC1DC6FE-107F-488B-80FD-A9E2FFD83098}.Release|Any CPU.ActiveCfg = Release|Any CPU
		{CC1DC6FE-107F-488B-80FD-A9E2FFD83098}.Release|Any CPU.Build.0 = Release|Any CPU
		{BC291DA8-17B0-45CD-90BF-70C73E01F36A}.Debug|Any CPU.ActiveCfg = Debug|Any CPU
		{BC291DA8-17B0-45CD-90BF-70C73E01F36A}.Debug|Any CPU.Build.0 = Debug|Any CPU
		{BC291DA8-17B0-45CD-90BF-70C73E01F36A}.Release|Any CPU.ActiveCfg = Release|Any CPU
		{BC291DA8-17B0-45CD-90BF-70C73E01F36A}.Release|Any CPU.Build.0 = Release|Any CPU
		{6E36B4BB-17FD-4D39-97BD-586CC5E6F52A}.Debug|Any CPU.ActiveCfg = Debug|Any CPU
		{6E36B4BB-17FD-4D39-97BD-586CC5E6F52A}.Debug|Any CPU.Build.0 = Debug|Any CPU
		{6E36B4BB-17FD-4D39-97BD-586CC5E6F52A}.Release|Any CPU.ActiveCfg = Release|Any CPU
		{6E36B4BB-17FD-4D39-97BD-586CC5E6F52A}.Release|Any CPU.Build.0 = Release|Any CPU
		{6270E1C7-80A0-451E-AD0D-2E5CF47F3C90}.Debug|Any CPU.ActiveCfg = Debug|Any CPU
		{6270E1C7-80A0-451E-AD0D-2E5CF47F3C90}.Debug|Any CPU.Build.0 = Debug|Any CPU
		{6270E1C7-80A0-451E-AD0D-2E5CF47F3C90}.Release|Any CPU.ActiveCfg = Release|Any CPU
		{6270E1C7-80A0-451E-AD0D-2E5CF47F3C90}.Release|Any CPU.Build.0 = Release|Any CPU
	EndGlobalSection
	GlobalSection(SolutionProperties) = preSolution
		HideSolutionNode = FALSE
	EndGlobalSection
	GlobalSection(ExtensibilityGlobals) = postSolution
		SolutionGuid = {58A525D6-F75D-4DD6-AC72-529A6A46D5B1}
	EndGlobalSection
EndGlobal
